{"version":4,"terraform_version":"1.11.5","serial":85,"lineage":"bf2c4f51-37aa-e349-3d23-346e3c5807f0","outputs":{"install_commands":{"value":"clan machines install brain --update-hardware-config nixos-facter --phases kexec --target-host root@[2a01:4f8:c012:67c1::1]\nclan machines install gate --update-hardware-config nixos-facter --phases kexec --target-host root@[2a01:4f8:c014:3b30::1]\nclan machines install wp1 --update-hardware-config nixos-facter --phases kexec --target-host root@[2a01:4f8:c17:370d::1]\n","type":"string"}},"resources":[{"mode":"managed","type":"cloudflare_dns_record","name":"auth_4","provider":"provider[\"registry.opentofu.org/cloudflare/cloudflare\"]","instances":[{"schema_version":0,"attributes":{"comment":null,"comment_modified_on":null,"content":"46.224.6.152","created_on":"2025-11-30T21:53:37Z","data":null,"id":"a2be8e6e450fc601bc4297013e6141cb","meta":"{}","modified_on":"2025-11-30T21:53:37Z","name":"auth.mikilio.com","priority":null,"proxiable":true,"proxied":false,"settings":{"flatten_cname":null,"ipv4_only":null,"ipv6_only":null},"tags":[],"tags_modified_on":null,"ttl":10800,"type":"A","zone_id":"d2e8e8238cb8aa78bf9d08b24f15e556"},"sensitive_attributes":[],"dependencies":["hcloud_server.gate"]}]},{"mode":"managed","type":"cloudflare_dns_record","name":"auth_6","provider":"provider[\"registry.opentofu.org/cloudflare/cloudflare\"]","instances":[{"schema_version":0,"attributes":{"comment":null,"comment_modified_on":null,"content":"2a01:4f8:c014:3b30::1","created_on":"2025-11-30T21:53:37Z","data":null,"id":"93b58b995fa4494e85209056b5989d8c","meta":"{}","modified_on":"2025-11-30T21:53:37Z","name":"auth.mikilio.com","priority":null,"proxiable":true,"proxied":false,"settings":{"flatten_cname":null,"ipv4_only":null,"ipv6_only":null},"tags":[],"tags_modified_on":null,"ttl":10800,"type":"AAAA","zone_id":"d2e8e8238cb8aa78bf9d08b24f15e556"},"sensitive_attributes":[],"dependencies":["hcloud_server.gate"]}]},{"mode":"managed","type":"cloudflare_dns_record","name":"cal_4","provider":"provider[\"registry.opentofu.org/cloudflare/cloudflare\"]","instances":[{"schema_version":0,"attributes":{"comment":null,"comment_modified_on":null,"content":"46.224.6.152","created_on":"2026-01-14T09:15:56Z","data":null,"id":"a316c731a5db2bb1b929d969dc12997e","meta":"{}","modified_on":"2026-01-14T09:15:56Z","name":"cal.mikilio.com","priority":null,"proxiable":true,"proxied":false,"settings":{"flatten_cname":null,"ipv4_only":null,"ipv6_only":null},"tags":[],"tags_modified_on":null,"ttl":10800,"type":"A","zone_id":"d2e8e8238cb8aa78bf9d08b24f15e556"},"sensitive_attributes":[],"dependencies":["hcloud_server.gate"]}]},{"mode":"managed","type":"cloudflare_dns_record","name":"cal_6","provider":"provider[\"registry.opentofu.org/cloudflare/cloudflare\"]","instances":[{"schema_version":0,"attributes":{"comment":null,"comment_modified_on":null,"content":"2a01:4f8:c014:3b30::1","created_on":"2026-01-14T09:15:56Z","data":null,"id":"dc45a375c2a7f4475036ef74b76dba23","meta":"{}","modified_on":"2026-01-14T09:15:56Z","name":"cal.mikilio.com","priority":null,"proxiable":true,"proxied":false,"settings":{"flatten_cname":null,"ipv4_only":null,"ipv6_only":null},"tags":[],"tags_modified_on":null,"ttl":10800,"type":"AAAA","zone_id":"d2e8e8238cb8aa78bf9d08b24f15e556"},"sensitive_attributes":[],"dependencies":["hcloud_server.gate"]}]},{"mode":"managed","type":"cloudflare_dns_record","name":"google-site-verification","provider":"provider[\"registry.opentofu.org/cloudflare/cloudflare\"]","instances":[{"schema_version":0,"attributes":{"comment":null,"comment_modified_on":null,"content":"google-site-verification=eYOLwimDSv2PSMLrJv93AOvcBKjCMTeFXjY9ew3wpDg","created_on":"2026-03-03T17:27:19Z","data":null,"id":"72e2308a72812a346a82ab3be703bf1c","meta":"{}","modified_on":"2026-03-03T17:27:19Z","name":"mikilio.com","priority":null,"proxiable":false,"proxied":false,"settings":{"flatten_cname":null,"ipv4_only":null,"ipv6_only":null},"tags":[],"tags_modified_on":null,"ttl":10800,"type":"TXT","zone_id":"d2e8e8238cb8aa78bf9d08b24f15e556"},"sensitive_attributes":[]}]},{"mode":"managed","type":"cloudflare_dns_record","name":"mail_4","provider":"provider[\"registry.opentofu.org/cloudflare/cloudflare\"]","instances":[{"schema_version":0,"attributes":{"comment":null,"comment_modified_on":null,"content":"46.224.6.152","created_on":"2025-11-11T13:53:53Z","data":null,"id":"25625ee6623f390fc74ce25740cb8647","meta":"{}","modified_on":"2025-11-11T13:53:53Z","name":"mail.mikilio.com","priority":null,"proxiable":true,"proxied":false,"settings":{"flatten_cname":null,"ipv4_only":null,"ipv6_only":null},"tags":[],"tags_modified_on":null,"ttl":10800,"type":"A","zone_id":"d2e8e8238cb8aa78bf9d08b24f15e556"},"sensitive_attributes":[],"dependencies":["hcloud_server.gate"]}]},{"mode":"managed","type":"cloudflare_dns_record","name":"mail_6","provider":"provider[\"registry.opentofu.org/cloudflare/cloudflare\"]","instances":[{"schema_version":0,"attributes":{"comment":null,"comment_modified_on":null,"content":"2a01:4f8:c014:3b30::1","created_on":"2025-11-11T13:53:53Z","data":null,"id":"402f58ac3b0431cc218d3039bbed68d1","meta":"{}","modified_on":"2025-11-11T13:53:53Z","name":"mail.mikilio.com","priority":null,"proxiable":true,"proxied":false,"settings":{"flatten_cname":null,"ipv4_only":null,"ipv6_only":null},"tags":[],"tags_modified_on":null,"ttl":10800,"type":"AAAA","zone_id":"d2e8e8238cb8aa78bf9d08b24f15e556"},"sensitive_attributes":[],"dependencies":["hcloud_server.gate"]}]},{"mode":"managed","type":"cloudflare_dns_record","name":"root_dkim","provider":"provider[\"registry.opentofu.org/cloudflare/cloudflare\"]","instances":[{"schema_version":0,"attributes":{"comment":null,"comment_modified_on":null,"content":"v=DKIM1; k=rsa; p=MIIBIjANBgkqhkiG9w0BAQEFAAOCAQ8AMIIBCgKCAQEApsqGvDE9ZLVRVuSG31bAJKPv5NygGRSPOKHiGDhrKzHesPB8lIWpovECvo6x0J1MLOKQp/qVa1ewK4khJMvZGEW9bfL5sJnz7N07kdgnWp3xdwaySd/BckrV0XlqmX1DUoxAHWkpzluRV4DJmizLdw7S/NUQVuagdTL+mSV8K0sYNwz66Zc4jsNaar4qxpaX6GdlrKUIs5aE7RwS0qSBss29fI9AEP6fdMwV+cS/39A0n4Gmn6cm/rUyIFlO3QrljtIHMmmNzxPP6+lxjgbQJfNpg3UIWY4tMw3wvO1z70QXEQZKnHLDuJFof7fFfdvWSuHhhKGZTsWXbah5noNMZQIDAQAB","created_on":"2025-11-11T17:51:25Z","data":null,"id":"ae31fa7ee31ad117bc7379214aa41081","meta":"{}","modified_on":"2025-12-30T12:35:42Z","name":"mail._domainkey.mikilio.com","priority":null,"proxiable":false,"proxied":false,"settings":{"flatten_cname":null,"ipv4_only":null,"ipv6_only":null},"tags":[],"tags_modified_on":null,"ttl":10800,"type":"TXT","zone_id":"d2e8e8238cb8aa78bf9d08b24f15e556"},"sensitive_attributes":[[{"type":"get_attr","value":"content"}]],"dependencies":["module.clan.data.external.import_var"]}]},{"mode":"managed","type":"cloudflare_dns_record","name":"root_dmarc","provider":"provider[\"registry.opentofu.org/cloudflare/cloudflare\"]","instances":[{"schema_version":0,"attributes":{"comment":null,"comment_modified_on":null,"content":"\"v=DMARC1; p=quarantine\"","created_on":"2025-11-11T17:54:16Z","data":null,"id":"8a93fab59110cd7da51460c1c6d6f173","meta":"{}","modified_on":"2025-11-12T23:42:39Z","name":"_dmarc.mikilio.com","priority":null,"proxiable":false,"proxied":false,"settings":{"flatten_cname":null,"ipv4_only":null,"ipv6_only":null},"tags":[],"tags_modified_on":null,"ttl":10800,"type":"TXT","zone_id":"d2e8e8238cb8aa78bf9d08b24f15e556"},"sensitive_attributes":[]}]},{"mode":"managed","type":"cloudflare_dns_record","name":"root_imaps_tcp","provider":"provider[\"registry.opentofu.org/cloudflare/cloudflare\"]","instances":[{"schema_version":0,"attributes":{"comment":null,"comment_modified_on":null,"content":"0 993 mail.mikilio.com","created_on":"2025-11-11T20:19:20Z","data":{"algorithm":null,"altitude":null,"certificate":null,"digest":null,"digest_type":null,"fingerprint":null,"flags":null,"key_tag":null,"lat_degrees":null,"lat_direction":null,"lat_minutes":null,"lat_seconds":null,"long_degrees":null,"long_direction":null,"long_minutes":null,"long_seconds":null,"matching_type":null,"order":null,"port":993,"precision_horz":null,"precision_vert":null,"preference":null,"priority":5,"protocol":null,"public_key":null,"regex":null,"replacement":null,"selector":null,"service":null,"size":null,"tag":null,"target":"mail.mikilio.com","type":null,"usage":null,"value":null,"weight":0},"id":"77aa5b06767c189de730c68fafda30df","meta":"{}","modified_on":"2025-11-11T20:19:20Z","name":"_imaps._tcp.mikilio.com","priority":null,"proxiable":false,"proxied":false,"settings":{"flatten_cname":null,"ipv4_only":null,"ipv6_only":null},"tags":[],"tags_modified_on":null,"ttl":3600,"type":"SRV","zone_id":"d2e8e8238cb8aa78bf9d08b24f15e556"},"sensitive_attributes":[]}]},{"mode":"managed","type":"cloudflare_dns_record","name":"root_mx","provider":"provider[\"registry.opentofu.org/cloudflare/cloudflare\"]","instances":[{"schema_version":0,"attributes":{"comment":null,"comment_modified_on":null,"content":"mail.mikilio.com","created_on":"2025-11-11T13:53:21Z","data":null,"id":"e336c6025c58d5ad6eb3c8a755f277cf","meta":"{}","modified_on":"2025-11-11T13:53:21Z","name":"mikilio.com","priority":10,"proxiable":false,"proxied":false,"settings":{"flatten_cname":null,"ipv4_only":null,"ipv6_only":null},"tags":[],"tags_modified_on":null,"ttl":1,"type":"MX","zone_id":"d2e8e8238cb8aa78bf9d08b24f15e556"},"sensitive_attributes":[]}]},{"mode":"managed","type":"cloudflare_dns_record","name":"root_spf","provider":"provider[\"registry.opentofu.org/cloudflare/cloudflare\"]","instances":[{"schema_version":0,"attributes":{"comment":null,"comment_modified_on":null,"content":"\"v=spf1 a:mail.mikilio.com -all\"","created_on":"2025-11-11T13:53:21Z","data":null,"id":"f9ea57e926e2afbb3acac12387282443","meta":"{}","modified_on":"2025-11-11T15:12:02Z","name":"mikilio.com","priority":null,"proxiable":false,"proxied":false,"settings":{"flatten_cname":null,"ipv4_only":null,"ipv6_only":null},"tags":[],"tags_modified_on":null,"ttl":10800,"type":"TXT","zone_id":"d2e8e8238cb8aa78bf9d08b24f15e556"},"sensitive_attributes":[]}]},{"mode":"managed","type":"cloudflare_dns_record","name":"root_submissions_tcp","provider":"provider[\"registry.opentofu.org/cloudflare/cloudflare\"]","instances":[{"schema_version":0,"attributes":{"comment":null,"comment_modified_on":null,"content":"0 465 mail.mikilio.com","created_on":"2025-11-11T20:19:20Z","data":{"algorithm":null,"altitude":null,"certificate":null,"digest":null,"digest_type":null,"fingerprint":null,"flags":null,"key_tag":null,"lat_degrees":null,"lat_direction":null,"lat_minutes":null,"lat_seconds":null,"long_degrees":null,"long_direction":null,"long_minutes":null,"long_seconds":null,"matching_type":null,"order":null,"port":465,"precision_horz":null,"precision_vert":null,"preference":null,"priority":5,"protocol":null,"public_key":null,"regex":null,"replacement":null,"selector":null,"service":null,"size":null,"tag":null,"target":"mail.mikilio.com","type":null,"usage":null,"value":null,"weight":0},"id":"15f480e92c8713993e177e6e4e80e627","meta":"{}","modified_on":"2025-11-11T20:19:20Z","name":"_submissions._tcp.mikilio.com","priority":null,"proxiable":false,"proxied":false,"settings":{"flatten_cname":null,"ipv4_only":null,"ipv6_only":null},"tags":[],"tags_modified_on":null,"ttl":3600,"type":"SRV","zone_id":"d2e8e8238cb8aa78bf9d08b24f15e556"},"sensitive_attributes":[]}]},{"mode":"managed","type":"cloudflare_dns_record","name":"ts_4","provider":"provider[\"registry.opentofu.org/cloudflare/cloudflare\"]","instances":[{"schema_version":0,"attributes":{"comment":null,"comment_modified_on":null,"content":"46.224.6.152","created_on":"2025-11-14T16:09:16Z","data":null,"id":"6306734b44ea6eb214da1da0e2cf34d1","meta":"{}","modified_on":"2025-11-14T16:09:16Z","name":"ts.mikilio.com","priority":null,"proxiable":true,"proxied":false,"settings":{"flatten_cname":null,"ipv4_only":null,"ipv6_only":null},"tags":[],"tags_modified_on":null,"ttl":10800,"type":"A","zone_id":"d2e8e8238cb8aa78bf9d08b24f15e556"},"sensitive_attributes":[],"dependencies":["hcloud_server.gate"]}]},{"mode":"managed","type":"cloudflare_dns_record","name":"ts_6","provider":"provider[\"registry.opentofu.org/cloudflare/cloudflare\"]","instances":[{"schema_version":0,"attributes":{"comment":null,"comment_modified_on":null,"content":"2a01:4f8:c014:3b30::1","created_on":"2025-11-14T16:09:16Z","data":null,"id":"032ec65e4f838e5bf2ad95a6e5effeaa","meta":"{}","modified_on":"2025-11-14T16:09:16Z","name":"ts.mikilio.com","priority":null,"proxiable":true,"proxied":false,"settings":{"flatten_cname":null,"ipv4_only":null,"ipv6_only":null},"tags":[],"tags_modified_on":null,"ttl":10800,"type":"AAAA","zone_id":"d2e8e8238cb8aa78bf9d08b24f15e556"},"sensitive_attributes":[],"dependencies":["hcloud_server.gate"]}]},{"mode":"managed","type":"cloudflare_dns_record","name":"wp_4","provider":"provider[\"registry.opentofu.org/cloudflare/cloudflare\"]","instances":[{"schema_version":0,"attributes":{"comment":null,"comment_modified_on":null,"content":"46.224.6.152","created_on":"2025-12-03T10:02:21Z","data":null,"id":"90a42a2baab2a6f6dc46bb1fc2aef9b4","meta":"{}","modified_on":"2025-12-03T10:02:21Z","name":"wp.mikilio.com","priority":null,"proxiable":true,"proxied":false,"settings":{"flatten_cname":null,"ipv4_only":null,"ipv6_only":null},"tags":[],"tags_modified_on":null,"ttl":10800,"type":"A","zone_id":"d2e8e8238cb8aa78bf9d08b24f15e556"},"sensitive_attributes":[],"dependencies":["hcloud_server.gate"]}]},{"mode":"managed","type":"cloudflare_dns_record","name":"wp_6","provider":"provider[\"registry.opentofu.org/cloudflare/cloudflare\"]","instances":[{"schema_version":0,"attributes":{"comment":null,"comment_modified_on":null,"content":"2a01:4f8:c014:3b30::1","created_on":"2025-12-03T10:02:21Z","data":null,"id":"e9284389cd20d75617ae78568dc0a7a4","meta":"{}","modified_on":"2025-12-03T10:02:21Z","name":"wp.mikilio.com","priority":null,"proxiable":true,"proxied":false,"settings":{"flatten_cname":null,"ipv4_only":null,"ipv6_only":null},"tags":[],"tags_modified_on":null,"ttl":10800,"type":"AAAA","zone_id":"d2e8e8238cb8aa78bf9d08b24f15e556"},"sensitive_attributes":[],"dependencies":["hcloud_server.gate"]}]},{"mode":"managed","type":"cloudflare_zero_trust_tunnel_cloudflared","name":"tunnel","provider":"provider[\"registry.opentofu.org/cloudflare/cloudflare\"]","instances":[{"schema_version":0,"attributes":{"account_id":"33a5880a92327a1efe0c787d1e5e1eca","account_tag":"33a5880a92327a1efe0c787d1e5e1eca","config_src":"local","connections":[],"conns_active_at":null,"conns_inactive_at":"2026-03-09T05:08:19Z","created_at":"2026-03-09T05:08:19Z","deleted_at":null,"id":"3ba9ecff-ee31-4423-b762-49c398bf119e","metadata":"{}","name":"Terraform Clan tunnel","remote_config":false,"status":"inactive","tun_type":"cfd_tunnel","tunnel_secret":"o54cSGLve45j+/CzLQz8COUkrEYPRsdwB+a+VyI8NjQ="},"sensitive_attributes":[[{"type":"get_attr","value":"account_id"}],[{"type":"get_attr","value":"tunnel_secret"}]],"dependencies":["random_bytes.tunnel_secret"]}]},{"mode":"managed","type":"hcloud_rdns","name":"mail4","provider":"provider[\"registry.opentofu.org/hetznercloud/hcloud\"]","instances":[{"schema_version":0,"attributes":{"dns_ptr":"mail.mikilio.com","floating_ip_id":null,"id":"s-112853506-46.224.6.152","ip_address":"46.224.6.152","load_balancer_id":null,"primary_ip_id":null,"server_id":112853506},"sensitive_attributes":[],"private":"bnVsbA==","dependencies":["hcloud_server.gate"]}]},{"mode":"managed","type":"hcloud_rdns","name":"mail6","provider":"provider[\"registry.opentofu.org/hetznercloud/hcloud\"]","instances":[{"schema_version":0,"attributes":{"dns_ptr":"mail.mikilio.com","floating_ip_id":null,"id":"s-112853506-2a01:4f8:c014:3b30::1","ip_address":"2a01:4f8:c014:3b30::1","load_balancer_id":null,"primary_ip_id":null,"server_id":112853506},"sensitive_attributes":[],"private":"bnVsbA==","dependencies":["hcloud_server.gate"]}]},{"mode":"managed","type":"hcloud_server","name":"brain","provider":"provider[\"registry.opentofu.org/hetznercloud/hcloud\"]","instances":[{"schema_version":0,"attributes":{"allow_deprecated_images":false,"backup_window":"","backups":false,"datacenter":"fsn1-dc14","delete_protection":false,"firewall_ids":[],"id":"112570211","ignore_remote_firewall_ids":false,"image":"debian-12","ipv4_address":"","ipv6_address":"2a01:4f8:c012:67c1::1","ipv6_network":"2a01:4f8:c012:67c1::/64","iso":null,"keep_disk":false,"labels":{},"location":"fsn1","name":"brain","network":[],"placement_group_id":0,"primary_disk_size":40,"public_net":[{"ipv4":0,"ipv4_enabled":false,"ipv6":0,"ipv6_enabled":true}],"rebuild_protection":false,"rescue":null,"server_type":"cx23","shutdown_before_deletion":false,"ssh_keys":["mikilio"],"status":"running","timeouts":null,"user_data":null},"sensitive_attributes":[],"private":"eyJlMmJmYjczMC1lY2FhLTExZTYtOGY4OC0zNDM2M2JjN2M0YzAiOnsiY3JlYXRlIjo1NDAwMDAwMDAwMDAwfX0="}]},{"mode":"managed","type":"hcloud_server","name":"gate","provider":"provider[\"registry.opentofu.org/hetznercloud/hcloud\"]","instances":[{"schema_version":0,"attributes":{"allow_deprecated_images":false,"backup_window":"","backups":false,"datacenter":"fsn1-dc14","delete_protection":false,"firewall_ids":[],"id":"112853506","ignore_remote_firewall_ids":false,"image":"debian-12","ipv4_address":"46.224.6.152","ipv6_address":"2a01:4f8:c014:3b30::1","ipv6_network":"2a01:4f8:c014:3b30::/64","iso":null,"keep_disk":false,"labels":{},"location":"fsn1","name":"gate","network":[],"placement_group_id":0,"primary_disk_size":40,"public_net":[{"ipv4":0,"ipv4_enabled":true,"ipv6":0,"ipv6_enabled":true}],"rebuild_protection":false,"rescue":null,"server_type":"cx23","shutdown_before_deletion":false,"ssh_keys":["mikilio"],"status":"running","timeouts":null,"user_data":null},"sensitive_attributes":[],"private":"eyJlMmJmYjczMC1lY2FhLTExZTYtOGY4OC0zNDM2M2JjN2M0YzAiOnsiY3JlYXRlIjo1NDAwMDAwMDAwMDAwfX0="}]},{"mode":"managed","type":"hcloud_server","name":"wp1","provider":"provider[\"registry.opentofu.org/hetznercloud/hcloud\"]","instances":[{"schema_version":0,"attributes":{"allow_deprecated_images":false,"backup_window":"","backups":false,"datacenter":"fsn1-dc14","delete_protection":false,"firewall_ids":[],"id":"114581492","ignore_remote_firewall_ids":false,"image":"debian-12","ipv4_address":"","ipv6_address":"2a01:4f8:c17:370d::1","ipv6_network":"2a01:4f8:c17:370d::/64","iso":null,"keep_disk":false,"labels":{},"location":"fsn1","name":"wp1","network":[],"placement_group_id":0,"primary_disk_size":40,"public_net":[{"ipv4":0,"ipv4_enabled":false,"ipv6":0,"ipv6_enabled":true}],"rebuild_protection":false,"rescue":null,"server_type":"cx23","shutdown_before_deletion":false,"ssh_keys":["mikilio"],"status":"running","timeouts":null,"user_data":null},"sensitive_attributes":[],"private":"eyJlMmJmYjczMC1lY2FhLTExZTYtOGY4OC0zNDM2M2JjN2M0YzAiOnsiY3JlYXRlIjo1NDAwMDAwMDAwMDAwfX0="}]},{"mode":"managed","type":"random_bytes","name":"tunnel_secret","provider":"provider[\"registry.opentofu.org/hashicorp/random\"]","instances":[{"schema_version":0,"attributes":{"base64":"o54cSGLve45j+/CzLQz8COUkrEYPRsdwB+a+VyI8NjQ=","hex":"a39e1c4862ef7b8e63fbf0b32d0cfc08e524ac460f46c77007e6be57223c3634","keepers":null,"length":32},"sensitive_attributes":[[{"type":"get_attr","value":"base64"}],[{"type":"get_attr","value":"hex"}]]}]},{"module":"module.clan","mode":"data","type":"external","name":"current_secret_hashes","provider":"provider[\"registry.opentofu.org/hashicorp/external\"]","instances":[{"index_key":"cftunnel","schema_version":0,"attributes":{"id":"-","program":["bash","-c","set -euo pipefail\n    \nvalue=$(clan secrets get \"cftunnel\" 2\u003e/dev/null || echo \"\")\n    \nif [ -z \"$value\" ]; then\n  echo '{\"hash\": \"none\"}'\nelse\n  computed_hash=$(echo -n \"$value\" | sha256sum | cut -d' ' -f1)\n  echo \"{\\\"hash\\\": \\\"$computed_hash\\\"}\"\nfi\n"],"query":null,"result":{"hash":"ba41a1a5d0245debc4a133cb0635820345053187cf947de8dadea0f920dc5e83"},"working_dir":null},"sensitive_attributes":[]}]},{"module":"module.clan","mode":"data","type":"external","name":"current_var_hashes","provider":"provider[\"registry.opentofu.org/hashicorp/external\"]","instances":[{"index_key":"26823515fec192b0313c53d1d227a3303bcfbb21c66fe0e1cbe7c82126e4f23a","schema_version":0,"attributes":{"id":"-","program":["bash","-c","set -euo pipefail\n    \nif [ 1 -eq 0 ]; then\n  echo '{\"hash\": \"\"}'\n  exit 0\nfi\n    \n# Get hash of all machine values concatenated (in sorted order)\nhash=\"\"\nfor machine in wp1; do\n  value=$(clan vars get \"$machine\" \"terraform/hcloud_ipv6\" 2\u003e/dev/null || echo \"\")\n  hash=\"$hash$value\"\ndone\n    \nif [ -z \"$hash\" ]; then\n  echo '{\"hash\": \"none\"}'\nelse\n  computed_hash=$(echo -n \"$hash\" | sha256sum | cut -d' ' -f1)\n  echo \"{\\\"hash\\\": \\\"$computed_hash\\\"}\"\nfi\n"],"query":null,"result":{"hash":"c425bc4c0a14a1eb280d59b6b4963f444ed2118b1b2ec174d4d1042b03efd365"},"working_dir":null},"sensitive_attributes":[]},{"index_key":"2982574d944a39fd49f1fa34046977a99925f98e6b3ff6eaf32bcfec264579f0","schema_version":0,"attributes":{"id":"-","program":["bash","-c","set -euo pipefail\n    \nif [ 1 -eq 0 ]; then\n  echo '{\"hash\": \"\"}'\n  exit 0\nfi\n    \n# Get hash of all machine values concatenated (in sorted order)\nhash=\"\"\nfor machine in gate; do\n  value=$(clan vars get \"$machine\" \"terraform/hcloud_ipv4\" 2\u003e/dev/null || echo \"\")\n  hash=\"$hash$value\"\ndone\n    \nif [ -z \"$hash\" ]; then\n  echo '{\"hash\": \"none\"}'\nelse\n  computed_hash=$(echo -n \"$hash\" | sha256sum | cut -d' ' -f1)\n  echo \"{\\\"hash\\\": \\\"$computed_hash\\\"}\"\nfi\n"],"query":null,"result":{"hash":"d382f0bcd0deb31942c126c70a901e9cd18e170715cb59cc063e7f327469a3d4"},"working_dir":null},"sensitive_attributes":[]},{"index_key":"6cbba533db0bb912b319b1be34985e61024dcb982e07dec676f4eaa4d30b4574","schema_version":0,"attributes":{"id":"-","program":["bash","-c","set -euo pipefail\n    \nif [ 1 -eq 0 ]; then\n  echo '{\"hash\": \"\"}'\n  exit 0\nfi\n    \n# Get hash of all machine values concatenated (in sorted order)\nhash=\"\"\nfor machine in gate; do\n  value=$(clan vars get \"$machine\" \"terraform/hcloud_ipv6\" 2\u003e/dev/null || echo \"\")\n  hash=\"$hash$value\"\ndone\n    \nif [ -z \"$hash\" ]; then\n  echo '{\"hash\": \"none\"}'\nelse\n  computed_hash=$(echo -n \"$hash\" | sha256sum | cut -d' ' -f1)\n  echo \"{\\\"hash\\\": \\\"$computed_hash\\\"}\"\nfi\n"],"query":null,"result":{"hash":"d1bb7c82effddee6abd1b89eac9526528d364c094d90336ef45232f36994df47"},"working_dir":null},"sensitive_attributes":[]},{"index_key":"9f4051891063a4d3433fc234050d66681a899fb2d23108abe16631791ebbc871","schema_version":0,"attributes":{"id":"-","program":["bash","-c","set -euo pipefail\n    \nif [ 1 -eq 0 ]; then\n  echo '{\"hash\": \"\"}'\n  exit 0\nfi\n    \n# Get hash of all machine values concatenated (in sorted order)\nhash=\"\"\nfor machine in brain; do\n  value=$(clan vars get \"$machine\" \"terraform/hcloud_ipv6\" 2\u003e/dev/null || echo \"\")\n  hash=\"$hash$value\"\ndone\n    \nif [ -z \"$hash\" ]; then\n  echo '{\"hash\": \"none\"}'\nelse\n  computed_hash=$(echo -n \"$hash\" | sha256sum | cut -d' ' -f1)\n  echo \"{\\\"hash\\\": \\\"$computed_hash\\\"}\"\nfi\n"],"query":null,"result":{"hash":"6ebd7e77ac8d4a00e111c8d8ca5deb5fcf0117867febe4e650cdfa912fec2e20"},"working_dir":null},"sensitive_attributes":[]}]},{"module":"module.clan","mode":"data","type":"external","name":"import_var","provider":"provider[\"registry.opentofu.org/hashicorp/external\"]","instances":[{"index_key":"mikilio_dkim","schema_version":0,"attributes":{"id":"-","program":["bash","-c","set -euo pipefail\nvalue=$(clan vars get \"gate\" \"dkim/mikilio.com.mail.txt\" 2\u003e/dev/null || echo \"\")\n# Use jq to properly JSON-encode the value\njq -n --arg val \"$value\" '{\"value\": $val}'\n"],"query":null,"result":{"value":"mail._domainkey IN TXT ( \"v=DKIM1; k=rsa; \"\n\t\"p=MIIBIjANBgkqhkiG9w0BAQEFAAOCAQ8AMIIBCgKCAQEApsqGvDE9ZLVRVuSG31bAJKPv5NygGRSPOKHiGDhrKzHesPB8lIWpovECvo6x0J1MLOKQp/qVa1ewK4khJMvZGEW9bfL5sJnz7N07kdgnWp3xdwaySd/BckrV0XlqmX1DUoxAHWkpzluRV4DJmizLdw7S/NUQVuagdTL+mSV8K0sYNwz66Zc4jsNaar4qxpaX6GdlrKUIs5aE7RwS0\"\n\t\"qSBss29fI9AEP6fdMwV+cS/39A0n4Gmn6cm/rUyIFlO3QrljtIHMmmNzxPP6+lxjgbQJfNpg3UIWY4tMw3wvO1z70QXEQZKnHLDuJFof7fFfdvWSuHhhKGZTsWXbah5noNMZQIDAQAB\"\n) ; "},"working_dir":null},"sensitive_attributes":[]}]},{"module":"module.clan","mode":"data","type":"external","name":"valid_machines","provider":"provider[\"registry.opentofu.org/hashicorp/external\"]","instances":[{"schema_version":0,"attributes":{"id":"-","program":["bash",".terraform/modules/clan/scripts/fetch_clan_list.sh","machines"],"query":null,"result":{"result":"acer,brain,elitebook,gate,wp1"},"working_dir":null},"sensitive_attributes":[]}]},{"module":"module.clan","mode":"data","type":"external","name":"valid_users","provider":"provider[\"registry.opentofu.org/hashicorp/external\"]","instances":[{"schema_version":0,"attributes":{"id":"-","program":["bash",".terraform/modules/clan/scripts/fetch_clan_list.sh","users"],"query":null,"result":{"result":"mikilio,vika4ka"},"working_dir":null},"sensitive_attributes":[]}]},{"module":"module.clan","mode":"managed","type":"null_resource","name":"store_secrets","provider":"provider[\"registry.opentofu.org/hashicorp/null\"]","instances":[{"index_key":"cftunnel","schema_version":0,"attributes":{"id":"9151172281008763759","triggers":{"current_hash":"ba41a1a5d0245debc4a133cb0635820345053187cf947de8dadea0f920dc5e83","desired_hash":"a6f8486f722455fa528e07c9d2c206ce8ee3774aa70a97018b2bf11c0eca56da","hosts":"brain","key":"cftunnel","users":"mikilio"}},"sensitive_attributes":[[{"type":"get_attr","value":"triggers"},{"type":"index","value":{"value":"desired_hash","type":"string"}}]],"dependencies":["cloudflare_zero_trust_tunnel_cloudflared.tunnel","module.clan.data.external.current_secret_hashes","module.clan.data.external.valid_machines","module.clan.data.external.valid_users","random_bytes.tunnel_secret"]}]},{"module":"module.clan","mode":"managed","type":"null_resource","name":"store_vars","provider":"provider[\"registry.opentofu.org/hashicorp/null\"]","instances":[{"index_key":"26823515fec192b0313c53d1d227a3303bcfbb21c66fe0e1cbe7c82126e4f23a","schema_version":0,"attributes":{"id":"1596581063427421707","triggers":{"current_hash":"c425bc4c0a14a1eb280d59b6b4963f444ed2118b1b2ec174d4d1042b03efd365","desired_hash":"c425bc4c0a14a1eb280d59b6b4963f444ed2118b1b2ec174d4d1042b03efd365","machines":"wp1","var_key":"hcloud_ipv6"}},"sensitive_attributes":[],"dependencies":["hcloud_server.brain","hcloud_server.gate","hcloud_server.wp1","module.clan.data.external.current_var_hashes","module.clan.data.external.valid_machines"]},{"index_key":"2982574d944a39fd49f1fa34046977a99925f98e6b3ff6eaf32bcfec264579f0","schema_version":0,"attributes":{"id":"2941738696341908263","triggers":{"current_hash":"d382f0bcd0deb31942c126c70a901e9cd18e170715cb59cc063e7f327469a3d4","desired_hash":"d382f0bcd0deb31942c126c70a901e9cd18e170715cb59cc063e7f327469a3d4","machines":"gate","var_key":"hcloud_ipv4"}},"sensitive_attributes":[],"dependencies":["hcloud_server.brain","hcloud_server.gate","hcloud_server.wp1","module.clan.data.external.current_var_hashes","module.clan.data.external.valid_machines"]},{"index_key":"6cbba533db0bb912b319b1be34985e61024dcb982e07dec676f4eaa4d30b4574","schema_version":0,"attributes":{"id":"3459364318853680033","triggers":{"current_hash":"d1bb7c82effddee6abd1b89eac9526528d364c094d90336ef45232f36994df47","desired_hash":"d1bb7c82effddee6abd1b89eac9526528d364c094d90336ef45232f36994df47","machines":"gate","var_key":"hcloud_ipv6"}},"sensitive_attributes":[],"dependencies":["hcloud_server.brain","hcloud_server.gate","hcloud_server.wp1","module.clan.data.external.current_var_hashes","module.clan.data.external.valid_machines"]},{"index_key":"9f4051891063a4d3433fc234050d66681a899fb2d23108abe16631791ebbc871","schema_version":0,"attributes":{"id":"6974611623961536288","triggers":{"current_hash":"6ebd7e77ac8d4a00e111c8d8ca5deb5fcf0117867febe4e650cdfa912fec2e20","desired_hash":"6ebd7e77ac8d4a00e111c8d8ca5deb5fcf0117867febe4e650cdfa912fec2e20","machines":"brain","var_key":"hcloud_ipv6"}},"sensitive_attributes":[],"dependencies":["hcloud_server.brain","hcloud_server.gate","hcloud_server.wp1","module.clan.data.external.current_var_hashes","module.clan.data.external.valid_machines"]}]}],"check_results":[{"object_kind":"check","config_addr":"module.clan.check.validate_import_vars_machines","status":"pass","objects":[{"object_addr":"module.clan.check.validate_import_vars_machines","status":"pass"}]},{"object_kind":"check","config_addr":"module.clan.check.clan_lists_nonempty","status":"pass","objects":[{"object_addr":"module.clan.check.clan_lists_nonempty","status":"pass"}]},{"object_kind":"var","config_addr":"module.clan.var.vars_to_store","status":"pass","objects":[{"object_addr":"module.clan.var.vars_to_store","status":"pass"}]},{"object_kind":"var","config_addr":"module.clan.var.secrets_to_store","status":"pass","objects":[{"object_addr":"module.clan.var.secrets_to_store","status":"pass"}]},{"object_kind":"check","config_addr":"module.clan.check.validate_vars_machines","status":"pass","objects":[{"object_addr":"module.clan.check.validate_vars_machines","status":"pass"}]},{"object_kind":"check","config_addr":"module.clan.check.validate_secrets_users","status":"pass","objects":[{"object_addr":"module.clan.check.validate_secrets_users","status":"pass"}]},{"object_kind":"check","config_addr":"module.clan.check.validate_secrets_hosts","status":"pass","objects":[{"object_addr":"module.clan.check.validate_secrets_hosts","status":"pass"}]}]}
